
Microsoft Visual Studio Solution File, Format Version 12.00
# Visual Studio 15
VisualStudioVersion = 15.0.28307.645
MinimumVisualStudioVersion = 10.0.40219.1
Project("{FAE04EC0-301F-11D3-BF4B-00C04F79EFBC}") = "WindowsFormsApp1", "WindowsFormsApp1\WindowsFormsApp1.csproj", "{CABF9D3E-91A1-4ABF-BFC6-366D7BAD0012}"
EndProject
Global
	GlobalSection(SolutionConfigurationPlatforms) = preSolution
		Debug|Any CPU = Debug|Any CPU
		Release|Any CPU = Release|Any CPU
	EndGlobalSection
	GlobalSection(ProjectConfigurationPlatforms) = postSolution
		{CABF9D3E-91A1-4ABF-BFC6-366D7BAD0012}.Debug|Any CPU.ActiveCfg = Debug|Any CPU
		{CABF9D3E-91A1-4ABF-BFC6-366D7BAD0012}.Debug|Any CPU.Build.0 = Debug|Any CPU
		{CABF9D3E-91A1-4ABF-BFC6-366D7BAD0012}.Release|Any CPU.ActiveCfg = Release|Any CPU
		{CABF9D3E-91A1-4ABF-BFC6-366D7BAD0012}.Release|Any CPU.Build.0 = Release|Any CPU
	EndGlobalSection
	GlobalSection(SolutionProperties) = preSolution
		HideSolutionNode = FALSE
	EndGlobalSection
	GlobalSection(ExtensibilityGlobals) = postSolution
		SolutionGuid = {2A7ED1FA-EDED-4AE2-962C-A2208096B89A}
	EndGlobalSection
EndGlobal
